// !$*UTF8*$!
{
	archiveVersion = 1;
	classes = {
	};
	objectVersion = 50;
	objects = {

/* Begin PBXBuildFile section */
		C0F5147925263A62006659F0 /* AppDelegate.swift in Sources */ = {isa = PBXBuildFile; fileRef = C0F5147825263A62006659F0 /* AppDelegate.swift */; };
		C0F5147B25263A62006659F0 /* ViewController.swift in Sources */ = {isa = PBXBuildFile; fileRef = C0F5147A25263A62006659F0 /* ViewController.swift */; };
		C0F5147D25263A66006659F0 /* Assets.xcassets in Resources */ = {isa = PBXBuildFile; fileRef = C0F5147C25263A66006659F0 /* Assets.xcassets */; };
		C0F5148025263A66006659F0 /* Main.storyboard in Resources */ = {isa = PBXBuildFile; fileRef = C0F5147E25263A66006659F0 /* Main.storyboard */; };
		C0F5148C25263A87006659F0 /* DemoView.swift in Sources */ = {isa = PBXBuildFile; fileRef = C0F5148B25263A87006659F0 /* DemoView.swift */; };
		C0F5148F25263A98006659F0 /* DemoView.xib in Resources */ = {isa = PBXBuildFile; fileRef = C0F5148E25263A98006659F0 /* DemoView.xib */; };
/* End PBXBuildFile section */

/* Begin PBXFileReference section */
		C0F5147525263A62006659F0 /* LoadableViewDemo-macOS.app */ = {isa = PBXFileReference; explicitFileType = wrapper.application; includeInIndex = 0; path = "LoadableViewDemo-macOS.app"; sourceTree = BUILT_PRODUCTS_DIR; };
		C0F5147825263A62006659F0 /* AppDelegate.swift */ = {isa = PBXFileReference; lastKnownFileType = sourcecode.swift; path = AppDelegate.swift; sourceTree = "<group>"; };
		C0F5147A25263A62006659F0 /* ViewController.swift */ = {isa = PBXFileReference; lastKnownFileType = sourcecode.swift; path = ViewController.swift; sourceTree = "<group>"; };
		C0F5147C25263A66006659F0 /* Assets.xcassets */ = {isa = PBXFileReference; lastKnownFileType = folder.assetcatalog; path = Assets.xcassets; sourceTree = "<group>"; };
		C0F5147F25263A66006659F0 /* Base */ = {isa = PBXFileReference; lastKnownFileType = file.storyboard; name = Base; path = Base.lproj/Main.storyboard; sourceTree = "<group>"; };
		C0F5148125263A66006659F0 /* Info.plist */ = {isa = PBXFileReference; lastKnownFileType = text.plist.xml; path = Info.plist; sourceTree = "<group>"; };
		C0F5148225263A66006659F0 /* LoadableViewDemo_macOS.entitlements */ = {isa = PBXFileReference; lastKnownFileType = text.plist.entitlements; path = LoadableViewDemo_macOS.entitlements; sourceTree = "<group>"; };
		C0F5148B25263A87006659F0 /* DemoView.swift */ = {isa = PBXFileReference; lastKnownFileType = sourcecode.swift; path = DemoView.swift; sourceTree = "<group>"; };
		C0F5148E25263A98006659F0 /* DemoView.xib */ = {isa = PBXFileReference; lastKnownFileType = file.xib; path = DemoView.xib; sourceTree = "<group>"; };
/* End PBXFileReference section */

/* Begin PBXFrameworksBuildPhase section */
		C0F5147225263A62006659F0 /* Frameworks */ = {
			isa = PBXFrameworksBuildPhase;
			buildActionMask = 2147483647;
			files = (
			);
			runOnlyForDeploymentPostprocessing = 0;
		};
/* End PBXFrameworksBuildPhase section */

/* Begin PBXGroup section */
		C0F5146C25263A62006659F0 = {
			isa = PBXGroup;
			children = (
				C0F5147725263A62006659F0 /* LoadableViewDemo-macOS */,
				C0F5147625263A62006659F0 /* Products */,
			);
			sourceTree = "<group>";
		};
		C0F5147625263A62006659F0 /* Products */ = {
			isa = PBXGroup;
			children = (
				C0F5147525263A62006659F0 /* LoadableViewDemo-macOS.app */,
			);
			name = Products;
			sourceTree = "<group>";
		};
		C0F5147725263A62006659F0 /* LoadableViewDemo-macOS */ = {
			isa = PBXGroup;
			children = (
				C0F5147825263A62006659F0 /* AppDelegate.swift */,
				C0F5147A25263A62006659F0 /* ViewController.swift */,
				C0F5148925263A74006659F0 /* DemoView */,
				C0F5147C25263A66006659F0 /* Assets.xcassets */,
				C0F5147E25263A66006659F0 /* Main.storyboard */,
				C0F5148125263A66006659F0 /* Info.plist */,
				C0F5148225263A66006659F0 /* LoadableViewDemo_macOS.entitlements */,
			);
			path = "LoadableViewDemo-macOS";
			sourceTree = "<group>";
		};
		C0F5148925263A74006659F0 /* DemoView */ = {
			isa = PBXGroup;
			children = (
				C0F5148B25263A87006659F0 /* DemoView.swift */,
				C0F5148E25263A98006659F0 /* DemoView.xib */,
			);
			path = DemoView;
			sourceTree = "<group>";
		};
/* End PBXGroup section */

/* Begin PBXNativeTarget section */
		C0F5147425263A62006659F0 /* LoadableViewDemo-macOS */ = {
			isa = PBXNativeTarget;
			buildConfigurationList = C0F5148525263A66006659F0 /* Build configuration list for PBXNativeTarget "LoadableViewDemo-macOS" */;
			buildPhases = (
				C0F5147125263A62006659F0 /* Sources */,
				C0F5147225263A62006659F0 /* Frameworks */,
				C0F5147325263A62006659F0 /* Resources */,
			);
			buildRules = (
			);
			dependencies = (
			);
			name = "LoadableViewDemo-macOS";
			productName = "LoadableViewDemo-macOS";
			productReference = C0F5147525263A62006659F0 /* LoadableViewDemo-macOS.app */;
			productType = "com.apple.product-type.application";
		};
/* End PBXNativeTarget section */

/* Begin PBXProject section */
		C0F5146D25263A62006659F0 /* Project object */ = {
			isa = PBXProject;
			attributes = {
				LastSwiftUpdateCheck = 1200;
				LastUpgradeCheck = 1200;
				TargetAttributes = {
					C0F5147425263A62006659F0 = {
						CreatedOnToolsVersion = 12.0.1;
					};
				};
			};
			buildConfigurationList = C0F5147025263A62006659F0 /* Build configuration list for PBXProject "LoadableViewDemo-macOS" */;
			compatibilityVersion = "Xcode 9.3";
			developmentRegion = en;
			hasScannedForEncodings = 0;
			knownRegions = (
				en,
				Base,
			);
			mainGroup = C0F5146C25263A62006659F0;
			productRefGroup = C0F5147625263A62006659F0 /* Products */;
			projectDirPath = "";
			projectRoot = "";
			targets = (
				C0F5147425263A62006659F0 /* LoadableViewDemo-macOS */,
			);
		};
/* End PBXProject section */

/* Begin PBXResourcesBuildPhase section */
		C0F5147325263A62006659F0 /* Resources */ = {
			isa = PBXResourcesBuildPhase;
			buildActionMask = 2147483647;
			files = (
				C0F5147D25263A66006659F0 /* Assets.xcassets in Resources */,
				C0F5148F25263A98006659F0 /* DemoView.xib in Resources */,
				C0F5148025263A66006659F0 /* Main.storyboard in Resources */,
			);
			runOnlyForDeploymentPostprocessing = 0;
		};
/* End PBXResourcesBuildPhase section */

/* Begin PBXSourcesBuildPhase section */
		C0F5147125263A62006659F0 /* Sources */ = {
			isa = PBXSourcesBuildPhase;
			buildActionMask = 2147483647;
			files = (
				C0F5147B25263A62006659F0 /* ViewController.swift in Sources */,
				C0F5148C25263A87006659F0 /* DemoView.swift in Sources */,
				C0F5147925263A62006659F0 /* AppDelegate.swift in Sources */,
			);
			runOnlyForDeploymentPostprocessing = 0;
		};
/* End PBXSourcesBuildPhase section */

/* Begin PBXVariantGroup section */
		C0F5147E25263A66006659F0 /* Main.storyboard */ = {
			isa = PBXVariantGroup;
			children = (
				C0F5147F25263A66006659F0 /* Base */,
			);
			name = Main.storyboard;
			sourceTree = "<group>";
		};
/* End PBXVariantGroup section */

/* Begin XCBuildConfiguration section */
		C0F5148325263A66006659F0 /* Debug */ = {
			isa = XCBuildConfiguration;
			buildSettings = {
				ALWAYS_SEARCH_USER_PATHS = NO;
				CLANG_ANALYZER_NONNULL = YES;
				CLANG_ANALYZER_NUMBER_OBJECT_CONVERSION = YES_AGGRESSIVE;
				CLANG_CXX_LANGUAGE_STANDARD = "gnu++14";
				CLANG_CXX_LIBRARY = "libc++";
				CLANG_ENABLE_MODULES = YES;
				CLANG_ENABLE_OBJC_ARC = YES;
				CLANG_ENABLE_OBJC_WEAK = YES;
				CLANG_WARN_BLOCK_CAPTURE_AUTORELEASING = YES;
				CLANG_WARN_BOOL_CONVERSION = YES;
				CLANG_WARN_COMMA = YES;
				CLANG_WARN_CONSTANT_CONVERSION = YES;
				CLANG_WARN_DEPRECATED_OBJC_IMPLEMENTATIONS = YES;
				CLANG_WARN_DIRECT_OBJC_ISA_USAGE = YES_ERROR;
				CLANG_WARN_DOCUMENTATION_COMMENTS = YES;
				CLANG_WARN_EMPTY_BODY = YES;
				CLANG_WARN_ENUM_CONVERSION = YES;
				CLANG_WARN_INFINITE_RECURSION = YES;
				CLANG_WARN_INT_CONVERSION = YES;
				CLANG_WARN_NON_LITERAL_NULL_CONVERSION = YES;
				CLANG_WARN_OBJC_IMPLICIT_RETAIN_SELF = YES;
				CLANG_WARN_OBJC_LITERAL_CONVERSION = YES;
				CLANG_WARN_OBJC_ROOT_CLASS = YES_ERROR;
				CLANG_WARN_QUOTED_INCLUDE_IN_FRAMEWORK_HEADER = YES;
				CLANG_WARN_RANGE_LOOP_ANALYSIS = YES;
				CLANG_WARN_STRICT_PROTOTYPES = YES;
				CLANG_WARN_SUSPICIOUS_MOVE = YES;
				CLANG_WARN_UNGUARDED_AVAILABILITY = YES_AGGRESSIVE;
				CLANG_WARN_UNREACHABLE_CODE = YES;
				CLANG_WARN__DUPLICATE_METHOD_MATCH = YES;
				COPY_PHASE_STRIP = NO;
				DEBUG_INFORMATION_FORMAT = dwarf;
				ENABLE_STRICT_OBJC_MSGSEND = YES;
				ENABLE_TESTABILITY = YES;
				GCC_C_LANGUAGE_STANDARD = gnu11;
				GCC_DYNAMIC_NO_PIC = NO;
				GCC_NO_COMMON_BLOCKS = YES;
				GCC_OPTIMIZATION_LEVEL = 0;
				GCC_PREPROCESSOR_DEFINITIONS = (
					"DEBUG=1",
					"$(inherited)",
				);
				GCC_WARN_64_TO_32_BIT_CONVERSION = YES;
				GCC_WARN_ABOUT_RETURN_TYPE = YES_ERROR;
				GCC_WARN_UNDECLARED_SELECTOR = YES;
				GCC_WARN_UNINITIALIZED_AUTOS = YES_AGGRESSIVE;
				GCC_WARN_UNUSED_FUNCTION = YES;
				GCC_WARN_UNUSED_VARIABLE = YES;
				MACOSX_DEPLOYMENT_TARGET = 10.15;
				MTL_ENABLE_DEBUG_INFO = INCLUDE_SOURCE;
				MTL_FAST_MATH = YES;
				ONLY_ACTIVE_ARCH = YES;
				SDKROOT = macosx;
				SWIFT_ACTIVE_COMPILATION_CONDITIONS = DEBUG;
				SWIFT_OPTIMIZATION_LEVEL = "-Onone";
			};
			name = Debug;
		};
		C0F5148425263A66006659F0 /* Release */ = {
			isa = XCBuildConfiguration;
			buildSettings = {
				ALWAYS_SEARCH_USER_PATHS = NO;
				CLANG_ANALYZER_NONNULL = YES;
				CLANG_ANALYZER_NUMBER_OBJECT_CONVERSION = YES_AGGRESSIVE;
				CLANG_CXX_LANGUAGE_STANDARD = "gnu++14";
				CLANG_CXX_LIBRARY = "libc++";
				CLANG_ENABLE_MODULES = YES;
				CLANG_ENABLE_OBJC_ARC = YES;
				CLANG_ENABLE_OBJC_WEAK = YES;
				CLANG_WARN_BLOCK_CAPTURE_AUTORELEASING = YES;
				CLANG_WARN_BOOL_CONVERSION = YES;
				CLANG_WARN_COMMA = YES;
				CLANG_WARN_CONSTANT_CONVERSION = YES;
				CLANG_WARN_DEPRECATED_OBJC_IMPLEMENTATIONS = YES;
				CLANG_WARN_DIRECT_OBJC_ISA_USAGE = YES_ERROR;
				CLANG_WARN_DOCUMENTATION_COMMENTS = YES;
				CLANG_WARN_EMPTY_BODY = YES;
				CLANG_WARN_ENUM_CONVERSION = YES;
				CLANG_WARN_INFINITE_RECURSION = YES;
				CLANG_WARN_INT_CONVERSION = YES;
				CLANG_WARN_NON_LITERAL_NULL_CONVERSION = YES;
				CLANG_WARN_OBJC_IMPLICIT_RETAIN_SELF = YES;
				CLANG_WARN_OBJC_LITERAL_CONVERSION = YES;
				CLANG_WARN_OBJC_ROOT_CLASS = YES_ERROR;
				CLANG_WARN_QUOTED_INCLUDE_IN_FRAMEWORK_HEADER = YES;
				CLANG_WARN_RANGE_LOOP_ANALYSIS = YES;
				CLANG_WARN_STRICT_PROTOTYPES = YES;
				CLANG_WARN_SUSPICIOUS_MOVE = YES;
				CLANG_WARN_UNGUARDED_AVAILABILITY = YES_AGGRESSIVE;
				CLANG_WARN_UNREACHABLE_CODE = YES;
				CLANG_WARN__DUPLICATE_METHOD_MATCH = YES;
				COPY_PHASE_STRIP = NO;
				DEBUG_INFORMATION_FORMAT = "dwarf-with-dsym";
				ENABLE_NS_ASSERTIONS = NO;
				ENABLE_STRICT_OBJC_MSGSEND = YES;
				GCC_C_LANGUAGE_STANDARD = gnu11;
				GCC_NO_COMMON_BLOCKS = YES;
				GCC_WARN_64_TO_32_BIT_CONVERSION = YES;
				GCC_WARN_ABOUT_RETURN_TYPE = YES_ERROR;
				GCC_WARN_UNDECLARED_SELECTOR = YES;
				GCC_WARN_UNINITIALIZED_AUTOS = YES_AGGRESSIVE;
				GCC_WARN_UNUSED_FUNCTION = YES;
				GCC_WARN_UNUSED_VARIABLE = YES;
				MACOSX_DEPLOYMENT_TARGET = 10.15;
				MTL_ENABLE_DEBUG_INFO = NO;
				MTL_FAST_MATH = YES;
				SDKROOT = macosx;
				SWIFT_COMPILATION_MODE = wholemodule;
				SWIFT_OPTIMIZATION_LEVEL = "-O";
			};
			name = Release;
		};
		C0F5148625263A66006659F0 /* Debug */ = {
			isa = XCBuildConfiguration;
			buildSettings = {
				ASSETCATALOG_COMPILER_APPICON_NAME = AppIcon;
				ASSETCATALOG_COMPILER_GLOBAL_ACCENT_COLOR_NAME = AccentColor;
				CODE_SIGN_ENTITLEMENTS = "LoadableViewDemo-macOS/LoadableViewDemo_macOS.entitlements";
				CODE_SIGN_STYLE = Automatic;
				COMBINE_HIDPI_IMAGES = YES;
				DEVELOPMENT_TEAM = 9BTCAVN99V;
				ENABLE_HARDENED_RUNTIME = YES;
				INFOPLIST_FILE = "LoadableViewDemo-macOS/Info.plist";
				LD_RUNPATH_SEARCH_PATHS = (
					"$(inherited)",
					"@executable_path/../Frameworks",
				);
				PRODUCT_BUNDLE_IDENTIFIER = "com.appcoda.LoadableViewDemo-macOS";
				PRODUCT_NAME = "$(TARGET_NAME)";
				SWIFT_VERSION = 5.0;
			};
			name = Debug;
		};
		C0F5148725263A66006659F0 /* Release */ = {
			isa = XCBuildConfiguration;
			buildSettings = {
				ASSETCATALOG_COMPILER_APPICON_NAME = AppIcon;
				ASSETCATALOG_COMPILER_GLOBAL_ACCENT_COLOR_NAME = AccentColor;
				CODE_SIGN_ENTITLEMENTS = "LoadableViewDemo-macOS/LoadableViewDemo_macOS.entitlements";
				CODE_SIGN_STYLE = Automatic;
				COMBINE_HIDPI_IMAGES = YES;
				DEVELOPMENT_TEAM = 9BTCAVN99V;
				ENABLE_HARDENED_RUNTIME = YES;
				INFOPLIST_FILE = "LoadableViewDemo-macOS/Info.plist";
				LD_RUNPATH_SEARCH_PATHS = (
					"$(inherited)",
					"@executable_path/../Frameworks",
				);
				PRODUCT_BUNDLE_IDENTIFIER = "com.appcoda.LoadableViewDemo-macOS";
				PRODUCT_NAME = "$(TARGET_NAME)";
				SWIFT_VERSION = 5.0;
			};
			name = Release;
		};
/* End XCBuildConfiguration section */

/* Begin XCConfigurationList section */
		C0F5147025263A62006659F0 /* Build configuration list for PBXProject "LoadableViewDemo-macOS" */ = {
			isa = XCConfigurationList;
			buildConfigurations = (
				C0F5148325263A66006659F0 /* Debug */,
				C0F5148425263A66006659F0 /* Release */,
			);
			defaultConfigurationIsVisible = 0;
			defaultConfigurationName = Release;
		};
		C0F5148525263A66006659F0 /* Build configuration list for PBXNativeTarget "LoadableViewDemo-macOS" */ = {
			isa = XCConfigurationList;
			buildConfigurations = (
				C0F5148625263A66006659F0 /* Debug */,
				C0F5148725263A66006659F0 /* Release */,
			);
			defaultConfigurationIsVisible = 0;
			defaultConfigurationName = Release;
		};
/* End XCConfigurationList section */
	};
	rootObject = C0F5146D25263A62006659F0 /* Project object */;
}
